
Microsoft Visual Studio Solution File, Format Version 12.00
# Visual Studio 15
VisualStudioVersion = 15.0.28307.421
MinimumVisualStudioVersion = 10.0.40219.1
Project("{FAE04EC0-301F-11D3-BF4B-00C04F79EFBC}") = "MobileApp.Android", "MobileApp\MobileApp.Android\MobileApp.Android.csproj", "{CBEC726A-4D14-4376-8B5D-8CD2F0AEEE10}"
EndProject
Project("{FAE04EC0-301F-11D3-BF4B-00C04F79EFBC}") = "MobileApp.iOS", "MobileApp\MobileApp.iOS\MobileApp.iOS.csproj", "{98FFE906-5A8F-4214-9EAB-85B2DFD6DB5D}"
EndProject
Project("{FAE04EC0-301F-11D3-BF4B-00C04F79EFBC}") = "MobileApp", "MobileApp\MobileApp\MobileApp.csproj", "{35C2F16B-79C9-43D5-927D-0F7D7EAF611B}"
EndProject
Project("{FAE04EC0-301F-11D3-BF4B-00C04F79EFBC}") = "MobileAppTest", "MobileAppTest\MobileAppTest.csproj", "{6779E003-E551-44B6-AD15-B2E0BFCCFACF}"
EndProject
Global
	GlobalSection(SolutionConfigurationPlatforms) = preSolution
		Ad-Hoc|Any CPU = Ad-Hoc|Any CPU
		Ad-Hoc|iPhone = Ad-Hoc|iPhone
		Ad-Hoc|iPhoneSimulator = Ad-Hoc|iPhoneSimulator
		AppStore|Any CPU = AppStore|Any CPU
		AppStore|iPhone = AppStore|iPhone
		AppStore|iPhoneSimulator = AppStore|iPhoneSimulator
		Debug|Any CPU = Debug|Any CPU
		Debug|iPhone = Debug|iPhone
		Debug|iPhoneSimulator = Debug|iPhoneSimulator
		Release|Any CPU = Release|Any CPU
		Release|iPhone = Release|iPhone
		Release|iPhoneSimulator = Release|iPhoneSimulator
	EndGlobalSection
	GlobalSection(ProjectConfigurationPlatforms) = postSolution
		{CBEC726A-4D14-4376-8B5D-8CD2F0AEEE10}.Ad-Hoc|Any CPU.ActiveCfg = Release|Any CPU
		{CBEC726A-4D14-4376-8B5D-8CD2F0AEEE10}.Ad-Hoc|Any CPU.Build.0 = Release|Any CPU
		{CBEC726A-4D14-4376-8B5D-8CD2F0AEEE10}.Ad-Hoc|Any CPU.Deploy.0 = Release|Any CPU
		{CBEC726A-4D14-4376-8B5D-8CD2F0AEEE10}.Ad-Hoc|iPhone.ActiveCfg = Release|Any CPU
		{CBEC726A-4D14-4376-8B5D-8CD2F0AEEE10}.Ad-Hoc|iPhone.Build.0 = Release|Any CPU
		{CBEC726A-4D14-4376-8B5D-8CD2F0AEEE10}.Ad-Hoc|iPhone.Deploy.0 = Release|Any CPU
		{CBEC726A-4D14-4376-8B5D-8CD2F0AEEE10}.Ad-Hoc|iPhoneSimulator.ActiveCfg = Release|Any CPU
		{CBEC726A-4D14-4376-8B5D-8CD2F0AEEE10}.Ad-Hoc|iPhoneSimulator.Build.0 = Release|Any CPU
		{CBEC726A-4D14-4376-8B5D-8CD2F0AEEE10}.Ad-Hoc|iPhoneSimulator.Deploy.0 = Release|Any CPU
		{CBEC726A-4D14-4376-8B5D-8CD2F0AEEE10}.AppStore|Any CPU.ActiveCfg = Release|Any CPU
		{CBEC726A-4D14-4376-8B5D-8CD2F0AEEE10}.AppStore|Any CPU.Build.0 = Release|Any CPU
		{CBEC726A-4D14-4376-8B5D-8CD2F0AEEE10}.AppStore|Any CPU.Deploy.0 = Release|Any CPU
		{CBEC726A-4D14-4376-8B5D-8CD2F0AEEE10}.AppStore|iPhone.ActiveCfg = Release|Any CPU
		{CBEC726A-4D14-4376-8B5D-8CD2F0AEEE10}.AppStore|iPhone.Build.0 = Release|Any CPU
		{CBEC726A-4D14-4376-8B5D-8CD2F0AEEE10}.AppStore|iPhone.Deploy.0 = Release|Any CPU
		{CBEC726A-4D14-4376-8B5D-8CD2F0AEEE10}.AppStore|iPhoneSimulator.ActiveCfg = Release|Any CPU
		{CBEC726A-4D14-4376-8B5D-8CD2F0AEEE10}.AppStore|iPhoneSimulator.Build.0 = Release|Any CPU
		{CBEC726A-4D14-4376-8B5D-8CD2F0AEEE10}.AppStore|iPhoneSimulator.Deploy.0 = Release|Any CPU
		{CBEC726A-4D14-4376-8B5D-8CD2F0AEEE10}.Debug|Any CPU.ActiveCfg = Debug|Any CPU
		{CBEC726A-4D14-4376-8B5D-8CD2F0AEEE10}.Debug|Any CPU.Build.0 = Debug|Any CPU
		{CBEC726A-4D14-4376-8B5D-8CD2F0AEEE10}.Debug|Any CPU.Deploy.0 = Debug|Any CPU
		{CBEC726A-4D14-4376-8B5D-8CD2F0AEEE10}.Debug|iPhone.ActiveCfg = Debug|Any CPU
		{CBEC726A-4D14-4376-8B5D-8CD2F0AEEE10}.Debug|iPhone.Build.0 = Debug|Any CPU
		{CBEC726A-4D14-4376-8B5D-8CD2F0AEEE10}.Debug|iPhone.Deploy.0 = Debug|Any CPU
		{CBEC726A-4D14-4376-8B5D-8CD2F0AEEE10}.Debug|iPhoneSimulator.ActiveCfg = Debug|Any CPU
		{CBEC726A-4D14-4376-8B5D-8CD2F0AEEE10}.Debug|iPhoneSimulator.Build.0 = Debug|Any CPU
		{CBEC726A-4D14-4376-8B5D-8CD2F0AEEE10}.Debug|iPhoneSimulator.Deploy.0 = Debug|Any CPU
		{CBEC726A-4D14-4376-8B5D-8CD2F0AEEE10}.Release|Any CPU.ActiveCfg = Release|Any CPU
		{CBEC726A-4D14-4376-8B5D-8CD2F0AEEE10}.Release|Any CPU.Build.0 = Release|Any CPU
		{CBEC726A-4D14-4376-8B5D-8CD2F0AEEE10}.Release|Any CPU.Deploy.0 = Release|Any CPU
		{CBEC726A-4D14-4376-8B5D-8CD2F0AEEE10}.Release|iPhone.ActiveCfg = Release|Any CPU
		{CBEC726A-4D14-4376-8B5D-8CD2F0AEEE10}.Release|iPhone.Build.0 = Release|Any CPU
		{CBEC726A-4D14-4376-8B5D-8CD2F0AEEE10}.Release|iPhone.Deploy.0 = Release|Any CPU
		{CBEC726A-4D14-4376-8B5D-8CD2F0AEEE10}.Release|iPhoneSimulator.ActiveCfg = Release|Any CPU
		{CBEC726A-4D14-4376-8B5D-8CD2F0AEEE10}.Release|iPhoneSimulator.Build.0 = Release|Any CPU
		{CBEC726A-4D14-4376-8B5D-8CD2F0AEEE10}.Release|iPhoneSimulator.Deploy.0 = Release|Any CPU
		{98FFE906-5A8F-4214-9EAB-85B2DFD6DB5D}.Ad-Hoc|Any CPU.ActiveCfg = Ad-Hoc|iPhone
		{98FFE906-5A8F-4214-9EAB-85B2DFD6DB5D}.Ad-Hoc|Any CPU.Build.0 = Ad-Hoc|iPhone
		{98FFE906-5A8F-4214-9EAB-85B2DFD6DB5D}.Ad-Hoc|Any CPU.Deploy.0 = Ad-Hoc|iPhone
		{98FFE906-5A8F-4214-9EAB-85B2DFD6DB5D}.Ad-Hoc|iPhone.ActiveCfg = Ad-Hoc|iPhone
		{98FFE906-5A8F-4214-9EAB-85B2DFD6DB5D}.Ad-Hoc|iPhone.Build.0 = Ad-Hoc|iPhone
		{98FFE906-5A8F-4214-9EAB-85B2DFD6DB5D}.Ad-Hoc|iPhone.Deploy.0 = Ad-Hoc|iPhone
		{98FFE906-5A8F-4214-9EAB-85B2DFD6DB5D}.Ad-Hoc|iPhoneSimulator.ActiveCfg = Ad-Hoc|iPhoneSimulator
		{98FFE906-5A8F-4214-9EAB-85B2DFD6DB5D}.Ad-Hoc|iPhoneSimulator.Build.0 = Ad-Hoc|iPhoneSimulator
		{98FFE906-5A8F-4214-9EAB-85B2DFD6DB5D}.Ad-Hoc|iPhoneSimulator.Deploy.0 = Ad-Hoc|iPhoneSimulator
		{98FFE906-5A8F-4214-9EAB-85B2DFD6DB5D}.AppStore|Any CPU.ActiveCfg = AppStore|iPhone
		{98FFE906-5A8F-4214-9EAB-85B2DFD6DB5D}.AppStore|Any CPU.Build.0 = AppStore|iPhone
		{98FFE906-5A8F-4214-9EAB-85B2DFD6DB5D}.AppStore|Any CPU.Deploy.0 = AppStore|iPhone
		{98FFE906-5A8F-4214-9EAB-85B2DFD6DB5D}.AppStore|iPhone.ActiveCfg = AppStore|iPhone
		{98FFE906-5A8F-4214-9EAB-85B2DFD6DB5D}.AppStore|iPhone.Build.0 = AppStore|iPhone
		{98FFE906-5A8F-4214-9EAB-85B2DFD6DB5D}.AppStore|iPhone.Deploy.0 = AppStore|iPhone
		{98FFE906-5A8F-4214-9EAB-85B2DFD6DB5D}.AppStore|iPhoneSimulator.ActiveCfg = AppStore|iPhoneSimulator
		{98FFE906-5A8F-4214-9EAB-85B2DFD6DB5D}.AppStore|iPhoneSimulator.Build.0 = AppStore|iPhoneSimulator
		{98FFE906-5A8F-4214-9EAB-85B2DFD6DB5D}.AppStore|iPhoneSimulator.Deploy.0 = AppStore|iPhoneSimulator
		{98FFE906-5A8F-4214-9EAB-85B2DFD6DB5D}.Debug|Any CPU.ActiveCfg = Debug|iPhoneSimulator
		{98FFE906-5A8F-4214-9EAB-85B2DFD6DB5D}.Debug|Any CPU.Build.0 = Debug|iPhoneSimulator
		{98FFE906-5A8F-4214-9EAB-85B2DFD6DB5D}.Debug|Any CPU.Deploy.0 = Debug|iPhoneSimulator
		{98FFE906-5A8F-4214-9EAB-85B2DFD6DB5D}.Debug|iPhone.ActiveCfg = Debug|iPhone
		{98FFE906-5A8F-4214-9EAB-85B2DFD6DB5D}.Debug|iPhone.Build.0 = Debug|iPhone
		{98FFE906-5A8F-4214-9EAB-85B2DFD6DB5D}.Debug|iPhone.Deploy.0 = Debug|iPhone
		{98FFE906-5A8F-4214-9EAB-85B2DFD6DB5D}.Debug|iPhoneSimulator.ActiveCfg = Debug|iPhoneSimulator
		{98FFE906-5A8F-4214-9EAB-85B2DFD6DB5D}.Debug|iPhoneSimulator.Build.0 = Debug|iPhoneSimulator
		{98FFE906-5A8F-4214-9EAB-85B2DFD6DB5D}.Debug|iPhoneSimulator.Deploy.0 = Debug|iPhoneSimulator
		{98FFE906-5A8F-4214-9EAB-85B2DFD6DB5D}.Release|Any CPU.ActiveCfg = Release|iPhone
		{98FFE906-5A8F-4214-9EAB-85B2DFD6DB5D}.Release|Any CPU.Build.0 = Release|iPhone
		{98FFE906-5A8F-4214-9EAB-85B2DFD6DB5D}.Release|Any CPU.Deploy.0 = Release|iPhone
		{98FFE906-5A8F-4214-9EAB-85B2DFD6DB5D}.Release|iPhone.ActiveCfg = Release|iPhone
		{98FFE906-5A8F-4214-9EAB-85B2DFD6DB5D}.Release|iPhone.Build.0 = Release|iPhone
		{98FFE906-5A8F-4214-9EAB-85B2DFD6DB5D}.Release|iPhone.Deploy.0 = Release|iPhone
		{98FFE906-5A8F-4214-9EAB-85B2DFD6DB5D}.Release|iPhoneSimulator.ActiveCfg = Release|iPhoneSimulator
		{98FFE906-5A8F-4214-9EAB-85B2DFD6DB5D}.Release|iPhoneSimulator.Build.0 = Release|iPhoneSimulator
		{98FFE906-5A8F-4214-9EAB-85B2DFD6DB5D}.Release|iPhoneSimulator.Deploy.0 = Release|iPhoneSimulator
		{35C2F16B-79C9-43D5-927D-0F7D7EAF611B}.Ad-Hoc|Any CPU.ActiveCfg = Debug|Any CPU
		{35C2F16B-79C9-43D5-927D-0F7D7EAF611B}.Ad-Hoc|Any CPU.Build.0 = Debug|Any CPU
		{35C2F16B-79C9-43D5-927D-0F7D7EAF611B}.Ad-Hoc|Any CPU.Deploy.0 = Debug|Any CPU
		{35C2F16B-79C9-43D5-927D-0F7D7EAF611B}.Ad-Hoc|iPhone.ActiveCfg = Debug|Any CPU
		{35C2F16B-79C9-43D5-927D-0F7D7EAF611B}.Ad-Hoc|iPhone.Build.0 = Debug|Any CPU
		{35C2F16B-79C9-43D5-927D-0F7D7EAF611B}.Ad-Hoc|iPhone.Deploy.0 = Debug|Any CPU
		{35C2F16B-79C9-43D5-927D-0F7D7EAF611B}.Ad-Hoc|iPhoneSimulator.ActiveCfg = Debug|Any CPU
		{35C2F16B-79C9-43D5-927D-0F7D7EAF611B}.Ad-Hoc|iPhoneSimulator.Build.0 = Debug|Any CPU
		{35C2F16B-79C9-43D5-927D-0F7D7EAF611B}.Ad-Hoc|iPhoneSimulator.Deploy.0 = Debug|Any CPU
		{35C2F16B-79C9-43D5-927D-0F7D7EAF611B}.AppStore|Any CPU.ActiveCfg = Debug|Any CPU
		{35C2F16B-79C9-43D5-927D-0F7D7EAF611B}.AppStore|Any CPU.Build.0 = Debug|Any CPU
		{35C2F16B-79C9-43D5-927D-0F7D7EAF611B}.AppStore|Any CPU.Deploy.0 = Debug|Any CPU
		{35C2F16B-79C9-43D5-927D-0F7D7EAF611B}.AppStore|iPhone.ActiveCfg = Debug|Any CPU
		{35C2F16B-79C9-43D5-927D-0F7D7EAF611B}.AppStore|iPhone.Build.0 = Debug|Any CPU
		{35C2F16B-79C9-43D5-927D-0F7D7EAF611B}.AppStore|iPhone.Deploy.0 = Debug|Any CPU
		{35C2F16B-79C9-43D5-927D-0F7D7EAF611B}.AppStore|iPhoneSimulator.ActiveCfg = Debug|Any CPU
		{35C2F16B-79C9-43D5-927D-0F7D7EAF611B}.AppStore|iPhoneSimulator.Build.0 = Debug|Any CPU
		{35C2F16B-79C9-43D5-927D-0F7D7EAF611B}.AppStore|iPhoneSimulator.Deploy.0 = Debug|Any CPU
		{35C2F16B-79C9-43D5-927D-0F7D7EAF611B}.Debug|Any CPU.ActiveCfg = Debug|Any CPU
		{35C2F16B-79C9-43D5-927D-0F7D7EAF611B}.Debug|Any CPU.Build.0 = Debug|Any CPU
		{35C2F16B-79C9-43D5-927D-0F7D7EAF611B}.Debug|Any CPU.Deploy.0 = Debug|Any CPU
		{35C2F16B-79C9-43D5-927D-0F7D7EAF611B}.Debug|iPhone.ActiveCfg = Debug|Any CPU
		{35C2F16B-79C9-43D5-927D-0F7D7EAF611B}.Debug|iPhone.Build.0 = Debug|Any CPU
		{35C2F16B-79C9-43D5-927D-0F7D7EAF611B}.Debug|iPhone.Deploy.0 = Debug|Any CPU
		{35C2F16B-79C9-43D5-927D-0F7D7EAF611B}.Debug|iPhoneSimulator.ActiveCfg = Debug|Any CPU
		{35C2F16B-79C9-43D5-927D-0F7D7EAF611B}.Debug|iPhoneSimulator.Build.0 = Debug|Any CPU
		{35C2F16B-79C9-43D5-927D-0F7D7EAF611B}.Debug|iPhoneSimulator.Deploy.0 = Debug|Any CPU
		{35C2F16B-79C9-43D5-927D-0F7D7EAF611B}.Release|Any CPU.ActiveCfg = Release|Any CPU
		{35C2F16B-79C9-43D5-927D-0F7D7EAF611B}.Release|Any CPU.Build.0 = Release|Any CPU
		{35C2F16B-79C9-43D5-927D-0F7D7EAF611B}.Release|Any CPU.Deploy.0 = Release|Any CPU
		{35C2F16B-79C9-43D5-927D-0F7D7EAF611B}.Release|iPhone.ActiveCfg = Release|Any CPU
		{35C2F16B-79C9-43D5-927D-0F7D7EAF611B}.Release|iPhone.Build.0 = Release|Any CPU
		{35C2F16B-79C9-43D5-927D-0F7D7EAF611B}.Release|iPhone.Deploy.0 = Release|Any CPU
		{35C2F16B-79C9-43D5-927D-0F7D7EAF611B}.Release|iPhoneSimulator.ActiveCfg = Release|Any CPU
		{35C2F16B-79C9-43D5-927D-0F7D7EAF611B}.Release|iPhoneSimulator.Build.0 = Release|Any CPU
		{35C2F16B-79C9-43D5-927D-0F7D7EAF611B}.Release|iPhoneSimulator.Deploy.0 = Release|Any CPU
		{6779E003-E551-44B6-AD15-B2E0BFCCFACF}.Ad-Hoc|Any CPU.ActiveCfg = Debug|Any CPU
		{6779E003-E551-44B6-AD15-B2E0BFCCFACF}.Ad-Hoc|Any CPU.Build.0 = Debug|Any CPU
		{6779E003-E551-44B6-AD15-B2E0BFCCFACF}.Ad-Hoc|iPhone.ActiveCfg = Debug|Any CPU
		{6779E003-E551-44B6-AD15-B2E0BFCCFACF}.Ad-Hoc|iPhone.Build.0 = Debug|Any CPU
		{6779E003-E551-44B6-AD15-B2E0BFCCFACF}.Ad-Hoc|iPhoneSimulator.ActiveCfg = Debug|Any CPU
		{6779E003-E551-44B6-AD15-B2E0BFCCFACF}.Ad-Hoc|iPhoneSimulator.Build.0 = Debug|Any CPU
		{6779E003-E551-44B6-AD15-B2E0BFCCFACF}.AppStore|Any CPU.ActiveCfg = Debug|Any CPU
		{6779E003-E551-44B6-AD15-B2E0BFCCFACF}.AppStore|Any CPU.Build.0 = Debug|Any CPU
		{6779E003-E551-44B6-AD15-B2E0BFCCFACF}.AppStore|iPhone.ActiveCfg = Debug|Any CPU
		{6779E003-E551-44B6-AD15-B2E0BFCCFACF}.AppStore|iPhone.Build.0 = Debug|Any CPU
		{6779E003-E551-44B6-AD15-B2E0BFCCFACF}.AppStore|iPhoneSimulator.ActiveCfg = Debug|Any CPU
		{6779E003-E551-44B6-AD15-B2E0BFCCFACF}.AppStore|iPhoneSimulator.Build.0 = Debug|Any CPU
		{6779E003-E551-44B6-AD15-B2E0BFCCFACF}.Debug|Any CPU.ActiveCfg = Debug|Any CPU
		{6779E003-E551-44B6-AD15-B2E0BFCCFACF}.Debug|Any CPU.Build.0 = Debug|Any CPU
		{6779E003-E551-44B6-AD15-B2E0BFCCFACF}.Debug|iPhone.ActiveCfg = Debug|Any CPU
		{6779E003-E551-44B6-AD15-B2E0BFCCFACF}.Debug|iPhone.Build.0 = Debug|Any CPU
		{6779E003-E551-44B6-AD15-B2E0BFCCFACF}.Debug|iPhoneSimulator.ActiveCfg = Debug|Any CPU
		{6779E003-E551-44B6-AD15-B2E0BFCCFACF}.Debug|iPhoneSimulator.Build.0 = Debug|Any CPU
		{6779E003-E551-44B6-AD15-B2E0BFCCFACF}.Release|Any CPU.ActiveCfg = Release|Any CPU
		{6779E003-E551-44B6-AD15-B2E0BFCCFACF}.Release|Any CPU.Build.0 = Release|Any CPU
		{6779E003-E551-44B6-AD15-B2E0BFCCFACF}.Release|iPhone.ActiveCfg = Release|Any CPU
		{6779E003-E551-44B6-AD15-B2E0BFCCFACF}.Release|iPhone.Build.0 = Release|Any CPU
		{6779E003-E551-44B6-AD15-B2E0BFCCFACF}.Release|iPhoneSimulator.ActiveCfg = Release|Any CPU
		{6779E003-E551-44B6-AD15-B2E0BFCCFACF}.Release|iPhoneSimulator.Build.0 = Release|Any CPU
	EndGlobalSection
	GlobalSection(SolutionProperties) = preSolution
		HideSolutionNode = FALSE
	EndGlobalSection
	GlobalSection(ExtensibilityGlobals) = postSolution
		SolutionGuid = {0B909EE3-6169-47ED-AB27-303951DE554E}
	EndGlobalSection
EndGlobal
